
Microsoft Visual Studio Solution File, Format Version 12.00
# Visual Studio Version 17
VisualStudioVersion = 17.3.32901.215
MinimumVisualStudioVersion = 10.0.40219.1
Project("{F184B08F-C81C-45F6-A57F-5ABD9991F28F}") = "Password Check", "Password Check\Password Check.vbproj", "{9341BA3B-1E36-4F87-B485-A7ECBC0A14DA}"
EndProject
Global
	GlobalSection(SolutionConfigurationPlatforms) = preSolution
		Debug|Any CPU = Debug|Any CPU
		Release|Any CPU = Release|Any CPU
	EndGlobalSection
	GlobalSection(ProjectConfigurationPlatforms) = postSolution
		{9341BA3B-1E36-4F87-B485-A7ECBC0A14DA}.Debug|Any CPU.ActiveCfg = Debug|Any CPU
		{9341BA3B-1E36-4F87-B485-A7ECBC0A14DA}.Debug|Any CPU.Build.0 = Debug|Any CPU
		{9341BA3B-1E36-4F87-B485-A7ECBC0A14DA}.Release|Any CPU.ActiveCfg = Release|Any CPU
		{9341BA3B-1E36-4F87-B485-A7ECBC0A14DA}.Release|Any CPU.Build.0 = Release|Any CPU
	EndGlobalSection
	GlobalSection(SolutionProperties) = preSolution
		HideSolutionNode = FALSE
	EndGlobalSection
	GlobalSection(ExtensibilityGlobals) = postSolution
		SolutionGuid = {B911DBBB-31A4-46EB-B8C3-976755B0863C}
	EndGlobalSection
EndGlobal
